{
  "nodes": {
    "nixpkgs": {
      "locked": {
        "lastModified": 1607560137,
        "narHash": "sha256-qI5U28r9Ie11OlkwzNFkhW0Z4jLanntJdb3JeFq/85A=",
        "owner": "NixOS",
        "repo": "nixpkgs",
        "rev": "7ff5e241a2b96fff7912b7d793a06b4374bd846c",
        "type": "github"
      },
      "original": {
        "id": "nixpkgs",
        "rev": "7ff5e241a2b96fff7912b7d793a06b4374bd846c",
        "type": "indirect"
      }
    },
    "root": {
      "inputs": {
        "nixpkgs": "nixpkgs"
      }
    }
  },
  "root": "root",
  "version": 7
}
